
Microsoft Visual Studio Solution File, Format Version 12.00
# Visual Studio 15
VisualStudioVersion = 15.0.28307.645
MinimumVisualStudioVersion = 10.0.40219.1
Project("{888888A0-9F3D-457C-B088-3A5042F75D52}") = "Lab 1A", "Lab 1A\Lab 1A.pyproj", "{7937DFC2-5CD2-47CD-9616-3D5CFED2C405}"
EndProject
Global
	GlobalSection(SolutionConfigurationPlatforms) = preSolution
		Debug|Any CPU = Debug|Any CPU
		Release|Any CPU = Release|Any CPU
	EndGlobalSection
	GlobalSection(ProjectConfigurationPlatforms) = postSolution
		{7937DFC2-5CD2-47CD-9616-3D5CFED2C405}.Debug|Any CPU.ActiveCfg = Debug|Any CPU
		{7937DFC2-5CD2-47CD-9616-3D5CFED2C405}.Release|Any CPU.ActiveCfg = Release|Any CPU
	EndGlobalSection
	GlobalSection(SolutionProperties) = preSolution
		HideSolutionNode = FALSE
	EndGlobalSection
	GlobalSection(ExtensibilityGlobals) = postSolution
		SolutionGuid = {FFA4D30E-61B3-483F-BEB9-C8EB17865733}
	EndGlobalSection
EndGlobal
