
Microsoft Visual Studio Solution File, Format Version 12.00
# Visual Studio 15
VisualStudioVersion = 15.0.28307.705
MinimumVisualStudioVersion = 10.0.40219.1
Project("{888888A0-9F3D-457C-B088-3A5042F75D52}") = "Lab 2B", "Lab 2B\Lab 2B.pyproj", "{5F5B6395-3F0F-44A9-A952-78416A8528AC}"
EndProject
Global
	GlobalSection(SolutionConfigurationPlatforms) = preSolution
		Debug|Any CPU = Debug|Any CPU
		Release|Any CPU = Release|Any CPU
	EndGlobalSection
	GlobalSection(ProjectConfigurationPlatforms) = postSolution
		{5F5B6395-3F0F-44A9-A952-78416A8528AC}.Debug|Any CPU.ActiveCfg = Debug|Any CPU
		{5F5B6395-3F0F-44A9-A952-78416A8528AC}.Release|Any CPU.ActiveCfg = Release|Any CPU
	EndGlobalSection
	GlobalSection(SolutionProperties) = preSolution
		HideSolutionNode = FALSE
	EndGlobalSection
	GlobalSection(ExtensibilityGlobals) = postSolution
		SolutionGuid = {BE193692-CAF5-4B9B-94FB-39E9DB0B22FF}
	EndGlobalSection
EndGlobal
