
Microsoft Visual Studio Solution File, Format Version 12.00
# Visual Studio 15
VisualStudioVersion = 15.0.28307.705
MinimumVisualStudioVersion = 10.0.40219.1
Project("{888888A0-9F3D-457C-B088-3A5042F75D52}") = "Lab 2A", "Lab 2A\Lab 2A.pyproj", "{567DC39E-7CDF-449A-8810-9C6E32D7BD6B}"
EndProject
Global
	GlobalSection(SolutionConfigurationPlatforms) = preSolution
		Debug|Any CPU = Debug|Any CPU
		Release|Any CPU = Release|Any CPU
	EndGlobalSection
	GlobalSection(ProjectConfigurationPlatforms) = postSolution
		{567DC39E-7CDF-449A-8810-9C6E32D7BD6B}.Debug|Any CPU.ActiveCfg = Debug|Any CPU
		{567DC39E-7CDF-449A-8810-9C6E32D7BD6B}.Release|Any CPU.ActiveCfg = Release|Any CPU
	EndGlobalSection
	GlobalSection(SolutionProperties) = preSolution
		HideSolutionNode = FALSE
	EndGlobalSection
	GlobalSection(ExtensibilityGlobals) = postSolution
		SolutionGuid = {CED5138B-FBF8-4452-A012-9D1CCA4084D5}
	EndGlobalSection
EndGlobal
