
Microsoft Visual Studio Solution File, Format Version 12.00
# Visual Studio 15
VisualStudioVersion = 15.0.28307.705
MinimumVisualStudioVersion = 10.0.40219.1
Project("{888888A0-9F3D-457C-B088-3A5042F75D52}") = "Lab 3B", "Lab 3B\Lab 3B.pyproj", "{BCBB67DB-34B2-4E01-B824-DD80CF60D8EE}"
EndProject
Global
	GlobalSection(SolutionConfigurationPlatforms) = preSolution
		Debug|Any CPU = Debug|Any CPU
		Release|Any CPU = Release|Any CPU
	EndGlobalSection
	GlobalSection(ProjectConfigurationPlatforms) = postSolution
		{BCBB67DB-34B2-4E01-B824-DD80CF60D8EE}.Debug|Any CPU.ActiveCfg = Debug|Any CPU
		{BCBB67DB-34B2-4E01-B824-DD80CF60D8EE}.Release|Any CPU.ActiveCfg = Release|Any CPU
	EndGlobalSection
	GlobalSection(SolutionProperties) = preSolution
		HideSolutionNode = FALSE
	EndGlobalSection
	GlobalSection(ExtensibilityGlobals) = postSolution
		SolutionGuid = {AE77FED3-12B8-4CD3-BDC2-CC0B91590733}
	EndGlobalSection
EndGlobal
